
Microsoft Visual Studio Solution File, Format Version 12.00
# Visual Studio Version 16
VisualStudioVersion = 16.0.31005.135
MinimumVisualStudioVersion = 10.0.40219.1
Project("{9A19103F-16F7-4668-BE54-9A1E7A4F7556}") = "TimsLumber", "TimsLumber.csproj", "{1D422BF7-7963-4084-8AA9-E82385A0EB98}"
EndProject
Project("{FAE04EC0-301F-11D3-BF4B-00C04F79EFBC}") = "TimsLumberTests", "..\TimsLumberTests\TimsLumberTests.csproj", "{F2F2B84A-DB72-4057-A8A9-8C0430B85655}"
EndProject
Global
	GlobalSection(SolutionConfigurationPlatforms) = preSolution
		Debug|Any CPU = Debug|Any CPU
		Release|Any CPU = Release|Any CPU
	EndGlobalSection
	GlobalSection(ProjectConfigurationPlatforms) = postSolution
		{1D422BF7-7963-4084-8AA9-E82385A0EB98}.Debug|Any CPU.ActiveCfg = Debug|Any CPU
		{1D422BF7-7963-4084-8AA9-E82385A0EB98}.Debug|Any CPU.Build.0 = Debug|Any CPU
		{1D422BF7-7963-4084-8AA9-E82385A0EB98}.Release|Any CPU.ActiveCfg = Release|Any CPU
		{1D422BF7-7963-4084-8AA9-E82385A0EB98}.Release|Any CPU.Build.0 = Release|Any CPU
		{F2F2B84A-DB72-4057-A8A9-8C0430B85655}.Debug|Any CPU.ActiveCfg = Debug|Any CPU
		{F2F2B84A-DB72-4057-A8A9-8C0430B85655}.Debug|Any CPU.Build.0 = Debug|Any CPU
		{F2F2B84A-DB72-4057-A8A9-8C0430B85655}.Release|Any CPU.ActiveCfg = Release|Any CPU
		{F2F2B84A-DB72-4057-A8A9-8C0430B85655}.Release|Any CPU.Build.0 = Release|Any CPU
	EndGlobalSection
	GlobalSection(SolutionProperties) = preSolution
		HideSolutionNode = FALSE
	EndGlobalSection
	GlobalSection(ExtensibilityGlobals) = postSolution
		SolutionGuid = {F375916B-2376-4616-B909-E7F09EF6FBEF}
	EndGlobalSection
EndGlobal
